
Microsoft Visual Studio Solution File, Format Version 12.00
# Visual Studio Version 16
VisualStudioVersion = 16.0.31129.286
MinimumVisualStudioVersion = 10.0.40219.1
Project("{FAE04EC0-301F-11D3-BF4B-00C04F79EFBC}") = "LoginForm_AmirAliu", "LoginForm_AmirAliu\LoginForm_AmirAliu.csproj", "{2CEF8BF6-FA3A-461A-B78C-285B7EE4AD0B}"
EndProject
Global
	GlobalSection(SolutionConfigurationPlatforms) = preSolution
		Debug|Any CPU = Debug|Any CPU
		Release|Any CPU = Release|Any CPU
	EndGlobalSection
	GlobalSection(ProjectConfigurationPlatforms) = postSolution
		{2CEF8BF6-FA3A-461A-B78C-285B7EE4AD0B}.Debug|Any CPU.ActiveCfg = Debug|Any CPU
		{2CEF8BF6-FA3A-461A-B78C-285B7EE4AD0B}.Debug|Any CPU.Build.0 = Debug|Any CPU
		{2CEF8BF6-FA3A-461A-B78C-285B7EE4AD0B}.Release|Any CPU.ActiveCfg = Release|Any CPU
		{2CEF8BF6-FA3A-461A-B78C-285B7EE4AD0B}.Release|Any CPU.Build.0 = Release|Any CPU
	EndGlobalSection
	GlobalSection(SolutionProperties) = preSolution
		HideSolutionNode = FALSE
	EndGlobalSection
	GlobalSection(ExtensibilityGlobals) = postSolution
		SolutionGuid = {0DD4FC54-58F0-4B91-BE70-823305CB9036}
	EndGlobalSection
EndGlobal
